
Microsoft Visual Studio Solution File, Format Version 12.00
# Visual Studio 15
VisualStudioVersion = 15.0.27703.2000
MinimumVisualStudioVersion = 10.0.40219.1
Project("{FAE04EC0-301F-11D3-BF4B-00C04F79EFBC}") = "PersonalExpenses.Android", "PersonalExpenses\PersonalExpenses.Android\PersonalExpenses.Android.csproj", "{34BA143C-6BDF-42C1-AB8A-6E250E72E967}"
EndProject
Project("{FAE04EC0-301F-11D3-BF4B-00C04F79EFBC}") = "PersonalExpenses.iOS", "PersonalExpenses\PersonalExpenses.iOS\PersonalExpenses.iOS.csproj", "{C5473387-033B-4BFE-9CE0-CC722618C16A}"
EndProject
Project("{FAE04EC0-301F-11D3-BF4B-00C04F79EFBC}") = "PersonalExpenses", "PersonalExpenses\PersonalExpenses\PersonalExpenses.csproj", "{609B40D5-AA70-42F3-85BF-95A66A9910AF}"
EndProject
Global
	GlobalSection(SolutionConfigurationPlatforms) = preSolution
		Ad-Hoc|Any CPU = Ad-Hoc|Any CPU
		Ad-Hoc|iPhone = Ad-Hoc|iPhone
		Ad-Hoc|iPhoneSimulator = Ad-Hoc|iPhoneSimulator
		AppStore|Any CPU = AppStore|Any CPU
		AppStore|iPhone = AppStore|iPhone
		AppStore|iPhoneSimulator = AppStore|iPhoneSimulator
		Debug|Any CPU = Debug|Any CPU
		Debug|iPhone = Debug|iPhone
		Debug|iPhoneSimulator = Debug|iPhoneSimulator
		Release|Any CPU = Release|Any CPU
		Release|iPhone = Release|iPhone
		Release|iPhoneSimulator = Release|iPhoneSimulator
	EndGlobalSection
	GlobalSection(ProjectConfigurationPlatforms) = postSolution
		{34BA143C-6BDF-42C1-AB8A-6E250E72E967}.Ad-Hoc|Any CPU.ActiveCfg = Release|Any CPU
		{34BA143C-6BDF-42C1-AB8A-6E250E72E967}.Ad-Hoc|Any CPU.Build.0 = Release|Any CPU
		{34BA143C-6BDF-42C1-AB8A-6E250E72E967}.Ad-Hoc|Any CPU.Deploy.0 = Release|Any CPU
		{34BA143C-6BDF-42C1-AB8A-6E250E72E967}.Ad-Hoc|iPhone.ActiveCfg = Release|Any CPU
		{34BA143C-6BDF-42C1-AB8A-6E250E72E967}.Ad-Hoc|iPhone.Build.0 = Release|Any CPU
		{34BA143C-6BDF-42C1-AB8A-6E250E72E967}.Ad-Hoc|iPhone.Deploy.0 = Release|Any CPU
		{34BA143C-6BDF-42C1-AB8A-6E250E72E967}.Ad-Hoc|iPhoneSimulator.ActiveCfg = Release|Any CPU
		{34BA143C-6BDF-42C1-AB8A-6E250E72E967}.Ad-Hoc|iPhoneSimulator.Build.0 = Release|Any CPU
		{34BA143C-6BDF-42C1-AB8A-6E250E72E967}.Ad-Hoc|iPhoneSimulator.Deploy.0 = Release|Any CPU
		{34BA143C-6BDF-42C1-AB8A-6E250E72E967}.AppStore|Any CPU.ActiveCfg = Release|Any CPU
		{34BA143C-6BDF-42C1-AB8A-6E250E72E967}.AppStore|Any CPU.Build.0 = Release|Any CPU
		{34BA143C-6BDF-42C1-AB8A-6E250E72E967}.AppStore|Any CPU.Deploy.0 = Release|Any CPU
		{34BA143C-6BDF-42C1-AB8A-6E250E72E967}.AppStore|iPhone.ActiveCfg = Release|Any CPU
		{34BA143C-6BDF-42C1-AB8A-6E250E72E967}.AppStore|iPhone.Build.0 = Release|Any CPU
		{34BA143C-6BDF-42C1-AB8A-6E250E72E967}.AppStore|iPhone.Deploy.0 = Release|Any CPU
		{34BA143C-6BDF-42C1-AB8A-6E250E72E967}.AppStore|iPhoneSimulator.ActiveCfg = Release|Any CPU
		{34BA143C-6BDF-42C1-AB8A-6E250E72E967}.AppStore|iPhoneSimulator.Build.0 = Release|Any CPU
		{34BA143C-6BDF-42C1-AB8A-6E250E72E967}.AppStore|iPhoneSimulator.Deploy.0 = Release|Any CPU
		{34BA143C-6BDF-42C1-AB8A-6E250E72E967}.Debug|Any CPU.ActiveCfg = Debug|Any CPU
		{34BA143C-6BDF-42C1-AB8A-6E250E72E967}.Debug|Any CPU.Build.0 = Debug|Any CPU
		{34BA143C-6BDF-42C1-AB8A-6E250E72E967}.Debug|Any CPU.Deploy.0 = Debug|Any CPU
		{34BA143C-6BDF-42C1-AB8A-6E250E72E967}.Debug|iPhone.ActiveCfg = Debug|Any CPU
		{34BA143C-6BDF-42C1-AB8A-6E250E72E967}.Debug|iPhone.Build.0 = Debug|Any CPU
		{34BA143C-6BDF-42C1-AB8A-6E250E72E967}.Debug|iPhone.Deploy.0 = Debug|Any CPU
		{34BA143C-6BDF-42C1-AB8A-6E250E72E967}.Debug|iPhoneSimulator.ActiveCfg = Debug|Any CPU
		{34BA143C-6BDF-42C1-AB8A-6E250E72E967}.Debug|iPhoneSimulator.Build.0 = Debug|Any CPU
		{34BA143C-6BDF-42C1-AB8A-6E250E72E967}.Debug|iPhoneSimulator.Deploy.0 = Debug|Any CPU
		{34BA143C-6BDF-42C1-AB8A-6E250E72E967}.Release|Any CPU.ActiveCfg = Release|Any CPU
		{34BA143C-6BDF-42C1-AB8A-6E250E72E967}.Release|Any CPU.Build.0 = Release|Any CPU
		{34BA143C-6BDF-42C1-AB8A-6E250E72E967}.Release|Any CPU.Deploy.0 = Release|Any CPU
		{34BA143C-6BDF-42C1-AB8A-6E250E72E967}.Release|iPhone.ActiveCfg = Release|Any CPU
		{34BA143C-6BDF-42C1-AB8A-6E250E72E967}.Release|iPhone.Build.0 = Release|Any CPU
		{34BA143C-6BDF-42C1-AB8A-6E250E72E967}.Release|iPhone.Deploy.0 = Release|Any CPU
		{34BA143C-6BDF-42C1-AB8A-6E250E72E967}.Release|iPhoneSimulator.ActiveCfg = Release|Any CPU
		{34BA143C-6BDF-42C1-AB8A-6E250E72E967}.Release|iPhoneSimulator.Build.0 = Release|Any CPU
		{34BA143C-6BDF-42C1-AB8A-6E250E72E967}.Release|iPhoneSimulator.Deploy.0 = Release|Any CPU
		{C5473387-033B-4BFE-9CE0-CC722618C16A}.Ad-Hoc|Any CPU.ActiveCfg = Ad-Hoc|iPhone
		{C5473387-033B-4BFE-9CE0-CC722618C16A}.Ad-Hoc|Any CPU.Build.0 = Ad-Hoc|iPhone
		{C5473387-033B-4BFE-9CE0-CC722618C16A}.Ad-Hoc|Any CPU.Deploy.0 = Ad-Hoc|iPhone
		{C5473387-033B-4BFE-9CE0-CC722618C16A}.Ad-Hoc|iPhone.ActiveCfg = Ad-Hoc|iPhone
		{C5473387-033B-4BFE-9CE0-CC722618C16A}.Ad-Hoc|iPhone.Build.0 = Ad-Hoc|iPhone
		{C5473387-033B-4BFE-9CE0-CC722618C16A}.Ad-Hoc|iPhone.Deploy.0 = Ad-Hoc|iPhone
		{C5473387-033B-4BFE-9CE0-CC722618C16A}.Ad-Hoc|iPhoneSimulator.ActiveCfg = Ad-Hoc|iPhoneSimulator
		{C5473387-033B-4BFE-9CE0-CC722618C16A}.Ad-Hoc|iPhoneSimulator.Build.0 = Ad-Hoc|iPhoneSimulator
		{C5473387-033B-4BFE-9CE0-CC722618C16A}.Ad-Hoc|iPhoneSimulator.Deploy.0 = Ad-Hoc|iPhoneSimulator
		{C5473387-033B-4BFE-9CE0-CC722618C16A}.AppStore|Any CPU.ActiveCfg = AppStore|iPhone
		{C5473387-033B-4BFE-9CE0-CC722618C16A}.AppStore|Any CPU.Build.0 = AppStore|iPhone
		{C5473387-033B-4BFE-9CE0-CC722618C16A}.AppStore|Any CPU.Deploy.0 = AppStore|iPhone
		{C5473387-033B-4BFE-9CE0-CC722618C16A}.AppStore|iPhone.ActiveCfg = AppStore|iPhone
		{C5473387-033B-4BFE-9CE0-CC722618C16A}.AppStore|iPhone.Build.0 = AppStore|iPhone
		{C5473387-033B-4BFE-9CE0-CC722618C16A}.AppStore|iPhone.Deploy.0 = AppStore|iPhone
		{C5473387-033B-4BFE-9CE0-CC722618C16A}.AppStore|iPhoneSimulator.ActiveCfg = AppStore|iPhoneSimulator
		{C5473387-033B-4BFE-9CE0-CC722618C16A}.AppStore|iPhoneSimulator.Build.0 = AppStore|iPhoneSimulator
		{C5473387-033B-4BFE-9CE0-CC722618C16A}.AppStore|iPhoneSimulator.Deploy.0 = AppStore|iPhoneSimulator
		{C5473387-033B-4BFE-9CE0-CC722618C16A}.Debug|Any CPU.ActiveCfg = Debug|iPhoneSimulator
		{C5473387-033B-4BFE-9CE0-CC722618C16A}.Debug|Any CPU.Build.0 = Debug|iPhoneSimulator
		{C5473387-033B-4BFE-9CE0-CC722618C16A}.Debug|Any CPU.Deploy.0 = Debug|iPhoneSimulator
		{C5473387-033B-4BFE-9CE0-CC722618C16A}.Debug|iPhone.ActiveCfg = Debug|iPhone
		{C5473387-033B-4BFE-9CE0-CC722618C16A}.Debug|iPhone.Build.0 = Debug|iPhone
		{C5473387-033B-4BFE-9CE0-CC722618C16A}.Debug|iPhone.Deploy.0 = Debug|iPhone
		{C5473387-033B-4BFE-9CE0-CC722618C16A}.Debug|iPhoneSimulator.ActiveCfg = Debug|iPhoneSimulator
		{C5473387-033B-4BFE-9CE0-CC722618C16A}.Debug|iPhoneSimulator.Build.0 = Debug|iPhoneSimulator
		{C5473387-033B-4BFE-9CE0-CC722618C16A}.Debug|iPhoneSimulator.Deploy.0 = Debug|iPhoneSimulator
		{C5473387-033B-4BFE-9CE0-CC722618C16A}.Release|Any CPU.ActiveCfg = Release|iPhone
		{C5473387-033B-4BFE-9CE0-CC722618C16A}.Release|Any CPU.Build.0 = Release|iPhone
		{C5473387-033B-4BFE-9CE0-CC722618C16A}.Release|Any CPU.Deploy.0 = Release|iPhone
		{C5473387-033B-4BFE-9CE0-CC722618C16A}.Release|iPhone.ActiveCfg = Release|iPhone
		{C5473387-033B-4BFE-9CE0-CC722618C16A}.Release|iPhone.Build.0 = Release|iPhone
		{C5473387-033B-4BFE-9CE0-CC722618C16A}.Release|iPhone.Deploy.0 = Release|iPhone
		{C5473387-033B-4BFE-9CE0-CC722618C16A}.Release|iPhoneSimulator.ActiveCfg = Release|iPhoneSimulator
		{C5473387-033B-4BFE-9CE0-CC722618C16A}.Release|iPhoneSimulator.Build.0 = Release|iPhoneSimulator
		{C5473387-033B-4BFE-9CE0-CC722618C16A}.Release|iPhoneSimulator.Deploy.0 = Release|iPhoneSimulator
		{609B40D5-AA70-42F3-85BF-95A66A9910AF}.Ad-Hoc|Any CPU.ActiveCfg = Debug|Any CPU
		{609B40D5-AA70-42F3-85BF-95A66A9910AF}.Ad-Hoc|Any CPU.Build.0 = Debug|Any CPU
		{609B40D5-AA70-42F3-85BF-95A66A9910AF}.Ad-Hoc|Any CPU.Deploy.0 = Debug|Any CPU
		{609B40D5-AA70-42F3-85BF-95A66A9910AF}.Ad-Hoc|iPhone.ActiveCfg = Debug|Any CPU
		{609B40D5-AA70-42F3-85BF-95A66A9910AF}.Ad-Hoc|iPhone.Build.0 = Debug|Any CPU
		{609B40D5-AA70-42F3-85BF-95A66A9910AF}.Ad-Hoc|iPhone.Deploy.0 = Debug|Any CPU
		{609B40D5-AA70-42F3-85BF-95A66A9910AF}.Ad-Hoc|iPhoneSimulator.ActiveCfg = Debug|Any CPU
		{609B40D5-AA70-42F3-85BF-95A66A9910AF}.Ad-Hoc|iPhoneSimulator.Build.0 = Debug|Any CPU
		{609B40D5-AA70-42F3-85BF-95A66A9910AF}.Ad-Hoc|iPhoneSimulator.Deploy.0 = Debug|Any CPU
		{609B40D5-AA70-42F3-85BF-95A66A9910AF}.AppStore|Any CPU.ActiveCfg = Debug|Any CPU
		{609B40D5-AA70-42F3-85BF-95A66A9910AF}.AppStore|Any CPU.Build.0 = Debug|Any CPU
		{609B40D5-AA70-42F3-85BF-95A66A9910AF}.AppStore|Any CPU.Deploy.0 = Debug|Any CPU
		{609B40D5-AA70-42F3-85BF-95A66A9910AF}.AppStore|iPhone.ActiveCfg = Debug|Any CPU
		{609B40D5-AA70-42F3-85BF-95A66A9910AF}.AppStore|iPhone.Build.0 = Debug|Any CPU
		{609B40D5-AA70-42F3-85BF-95A66A9910AF}.AppStore|iPhone.Deploy.0 = Debug|Any CPU
		{609B40D5-AA70-42F3-85BF-95A66A9910AF}.AppStore|iPhoneSimulator.ActiveCfg = Debug|Any CPU
		{609B40D5-AA70-42F3-85BF-95A66A9910AF}.AppStore|iPhoneSimulator.Build.0 = Debug|Any CPU
		{609B40D5-AA70-42F3-85BF-95A66A9910AF}.AppStore|iPhoneSimulator.Deploy.0 = Debug|Any CPU
		{609B40D5-AA70-42F3-85BF-95A66A9910AF}.Debug|Any CPU.ActiveCfg = Debug|Any CPU
		{609B40D5-AA70-42F3-85BF-95A66A9910AF}.Debug|Any CPU.Build.0 = Debug|Any CPU
		{609B40D5-AA70-42F3-85BF-95A66A9910AF}.Debug|Any CPU.Deploy.0 = Debug|Any CPU
		{609B40D5-AA70-42F3-85BF-95A66A9910AF}.Debug|iPhone.ActiveCfg = Debug|Any CPU
		{609B40D5-AA70-42F3-85BF-95A66A9910AF}.Debug|iPhone.Build.0 = Debug|Any CPU
		{609B40D5-AA70-42F3-85BF-95A66A9910AF}.Debug|iPhone.Deploy.0 = Debug|Any CPU
		{609B40D5-AA70-42F3-85BF-95A66A9910AF}.Debug|iPhoneSimulator.ActiveCfg = Debug|Any CPU
		{609B40D5-AA70-42F3-85BF-95A66A9910AF}.Debug|iPhoneSimulator.Build.0 = Debug|Any CPU
		{609B40D5-AA70-42F3-85BF-95A66A9910AF}.Debug|iPhoneSimulator.Deploy.0 = Debug|Any CPU
		{609B40D5-AA70-42F3-85BF-95A66A9910AF}.Release|Any CPU.ActiveCfg = Release|Any CPU
		{609B40D5-AA70-42F3-85BF-95A66A9910AF}.Release|Any CPU.Build.0 = Release|Any CPU
		{609B40D5-AA70-42F3-85BF-95A66A9910AF}.Release|Any CPU.Deploy.0 = Release|Any CPU
		{609B40D5-AA70-42F3-85BF-95A66A9910AF}.Release|iPhone.ActiveCfg = Release|Any CPU
		{609B40D5-AA70-42F3-85BF-95A66A9910AF}.Release|iPhone.Build.0 = Release|Any CPU
		{609B40D5-AA70-42F3-85BF-95A66A9910AF}.Release|iPhone.Deploy.0 = Release|Any CPU
		{609B40D5-AA70-42F3-85BF-95A66A9910AF}.Release|iPhoneSimulator.ActiveCfg = Release|Any CPU
		{609B40D5-AA70-42F3-85BF-95A66A9910AF}.Release|iPhoneSimulator.Build.0 = Release|Any CPU
		{609B40D5-AA70-42F3-85BF-95A66A9910AF}.Release|iPhoneSimulator.Deploy.0 = Release|Any CPU
	EndGlobalSection
	GlobalSection(SolutionProperties) = preSolution
		HideSolutionNode = FALSE
	EndGlobalSection
	GlobalSection(ExtensibilityGlobals) = postSolution
		SolutionGuid = {AE1F61D8-21E2-4B3F-90BE-E204D34476C8}
	EndGlobalSection
EndGlobal
